
Microsoft Visual Studio Solution File, Format Version 12.00
# Visual Studio Version 16
VisualStudioVersion = 16.0.28803.452
MinimumVisualStudioVersion = 10.0.40219.1
Project("{FAE04EC0-301F-11D3-BF4B-00C04F79EFBC}") = "Blastic.Sample", "Blastic.Sample\Blastic.Sample.csproj", "{4590E6CE-2C76-4299-B6D4-E1395A7AF8DE}"
EndProject
Project("{FAE04EC0-301F-11D3-BF4B-00C04F79EFBC}") = "Blastic", "Blastic\Blastic.csproj", "{2482D54F-3264-4DC1-9DBE-00CC325D39EF}"
EndProject
Global
	GlobalSection(SolutionConfigurationPlatforms) = preSolution
		Debug|Any CPU = Debug|Any CPU
		Release|Any CPU = Release|Any CPU
	EndGlobalSection
	GlobalSection(ProjectConfigurationPlatforms) = postSolution
		{4590E6CE-2C76-4299-B6D4-E1395A7AF8DE}.Debug|Any CPU.ActiveCfg = Debug|Any CPU
		{4590E6CE-2C76-4299-B6D4-E1395A7AF8DE}.Debug|Any CPU.Build.0 = Debug|Any CPU
		{4590E6CE-2C76-4299-B6D4-E1395A7AF8DE}.Release|Any CPU.ActiveCfg = Release|Any CPU
		{4590E6CE-2C76-4299-B6D4-E1395A7AF8DE}.Release|Any CPU.Build.0 = Release|Any CPU
		{2482D54F-3264-4DC1-9DBE-00CC325D39EF}.Debug|Any CPU.ActiveCfg = Debug|Any CPU
		{2482D54F-3264-4DC1-9DBE-00CC325D39EF}.Debug|Any CPU.Build.0 = Debug|Any CPU
		{2482D54F-3264-4DC1-9DBE-00CC325D39EF}.Release|Any CPU.ActiveCfg = Release|Any CPU
		{2482D54F-3264-4DC1-9DBE-00CC325D39EF}.Release|Any CPU.Build.0 = Release|Any CPU
	EndGlobalSection
	GlobalSection(SolutionProperties) = preSolution
		HideSolutionNode = FALSE
	EndGlobalSection
	GlobalSection(ExtensibilityGlobals) = postSolution
		SolutionGuid = {C33A37EB-7F6B-449B-BAED-E42F0F97D65D}
	EndGlobalSection
EndGlobal
