
Microsoft Visual Studio Solution File, Format Version 12.00
# Visual Studio 15
VisualStudioVersion = 15.0.28307.136
MinimumVisualStudioVersion = 10.0.40219.1
Project("{FAE04EC0-301F-11D3-BF4B-00C04F79EFBC}") = "WpfTemplate", "WpfTemplate\WpfTemplate.csproj", "{4590E6CE-2C76-4299-B6D4-E1395A7AF8DE}"
EndProject
Global
	GlobalSection(SolutionConfigurationPlatforms) = preSolution
		Debug|Any CPU = Debug|Any CPU
		Release|Any CPU = Release|Any CPU
	EndGlobalSection
	GlobalSection(ProjectConfigurationPlatforms) = postSolution
		{4590E6CE-2C76-4299-B6D4-E1395A7AF8DE}.Debug|Any CPU.ActiveCfg = Debug|Any CPU
		{4590E6CE-2C76-4299-B6D4-E1395A7AF8DE}.Debug|Any CPU.Build.0 = Debug|Any CPU
		{4590E6CE-2C76-4299-B6D4-E1395A7AF8DE}.Release|Any CPU.ActiveCfg = Release|Any CPU
		{4590E6CE-2C76-4299-B6D4-E1395A7AF8DE}.Release|Any CPU.Build.0 = Release|Any CPU
	EndGlobalSection
	GlobalSection(SolutionProperties) = preSolution
		HideSolutionNode = FALSE
	EndGlobalSection
	GlobalSection(ExtensibilityGlobals) = postSolution
		SolutionGuid = {C33A37EB-7F6B-449B-BAED-E42F0F97D65D}
	EndGlobalSection
EndGlobal
